
Microsoft Visual Studio Solution File, Format Version 12.00
# Visual Studio 15
VisualStudioVersion = 15.0.28307.705
MinimumVisualStudioVersion = 10.0.40219.1
Project("{FAE04EC0-301F-11D3-BF4B-00C04F79EFBC}") = "ADO", "ADO\ADO.csproj", "{E3EB98D3-7D8A-4B35-82B6-7244158D7E8C}"
EndProject
Global
	GlobalSection(SolutionConfigurationPlatforms) = preSolution
		Debug|Any CPU = Debug|Any CPU
		Release|Any CPU = Release|Any CPU
	EndGlobalSection
	GlobalSection(ProjectConfigurationPlatforms) = postSolution
		{E3EB98D3-7D8A-4B35-82B6-7244158D7E8C}.Debug|Any CPU.ActiveCfg = Debug|Any CPU
		{E3EB98D3-7D8A-4B35-82B6-7244158D7E8C}.Debug|Any CPU.Build.0 = Debug|Any CPU
		{E3EB98D3-7D8A-4B35-82B6-7244158D7E8C}.Release|Any CPU.ActiveCfg = Release|Any CPU
		{E3EB98D3-7D8A-4B35-82B6-7244158D7E8C}.Release|Any CPU.Build.0 = Release|Any CPU
	EndGlobalSection
	GlobalSection(SolutionProperties) = preSolution
		HideSolutionNode = FALSE
	EndGlobalSection
	GlobalSection(ExtensibilityGlobals) = postSolution
		SolutionGuid = {75A0F0D0-83DF-4220-A61D-C3351241D08F}
	EndGlobalSection
EndGlobal
